
Microsoft Visual Studio Solution File, Format Version 12.00
# Visual Studio Version 16
VisualStudioVersion = 16.0.28803.156
MinimumVisualStudioVersion = 10.0.40219.1
Project("{2150E333-8FDC-42A3-9474-1A3956D46DE8}") = "Tests", "Tests", "{A2D87D95-3579-40F0-8734-DBB7D20BDC52}"
EndProject
Project("{9A19103F-16F7-4668-BE54-9A1E7A4F7556}") = "HealthAPI.Acceptance.Tests", "src\HealthAPI.Acceptance.Tests\HealthAPI.Acceptance.Tests.csproj", "{65E8C5F2-889C-44FA-816D-6B2380BFA10A}"
EndProject
Project("{9A19103F-16F7-4668-BE54-9A1E7A4F7556}") = "Utils.Unit.Tests", "src\Utils.Unit.Tests\Utils.Unit.Tests.csproj", "{2F73B2AE-075C-4554-8834-A6F0DF427BB9}"
EndProject
Project("{9A19103F-16F7-4668-BE54-9A1E7A4F7556}") = "Utils", "src\Utils\Utils.csproj", "{09FA5C12-473A-43EB-AD02-C9854CEC6B10}"
EndProject
Project("{9A19103F-16F7-4668-BE54-9A1E7A4F7556}") = "Repositories", "src\Repositories\Repositories.csproj", "{819B510D-FD26-44AB-918F-FC0B854A7AF3}"
EndProject
Project("{9A19103F-16F7-4668-BE54-9A1E7A4F7556}") = "Services", "src\Services\Services.csproj", "{8251DCD0-C14D-41F4-BAAF-EA8A3D506A8E}"
EndProject
Project("{9A19103F-16F7-4668-BE54-9A1E7A4F7556}") = "HealthAPI", "src\HealthAPI\HealthAPI.csproj", "{1E8E2BFC-C531-4807-AD1F-DC3A90655C1A}"
EndProject
Project("{9A19103F-16F7-4668-BE54-9A1E7A4F7556}") = "HealthAPI.Unit.Tests", "src\HealthAPI.Unit.Tests\HealthAPI.Unit.Tests.csproj", "{D2FD969E-ACA4-47C4-864D-962E7655BD5B}"
EndProject
Project("{9A19103F-16F7-4668-BE54-9A1E7A4F7556}") = "Services.Tests", "src\Services.Tests\Services.Tests.csproj", "{C8B79DDA-1D79-4C9F-A619-76F3148087D8}"
EndProject
Project("{9A19103F-16F7-4668-BE54-9A1E7A4F7556}") = "Repository.Unit.Tests", "src\Repository.Unit.Tests\Repository.Unit.Tests.csproj", "{F09A6810-CAC0-4AD1-9380-63D92D94BEED}"
EndProject
Project("{2150E333-8FDC-42A3-9474-1A3956D46DE8}") = "Sql", "Sql", "{F6D60EF3-03B4-4CB8-8E01-EC5BCDDDBE44}"
	ProjectSection(SolutionItems) = preProject
		src\Sql Scripts\tbl_Calendar.sql = src\Sql Scripts\tbl_Calendar.sql
		src\Sql Scripts\vw_Alcohol_Daily.sql = src\Sql Scripts\vw_Alcohol_Daily.sql
		src\Sql Scripts\vw_Alcohol_Monthly.sql = src\Sql Scripts\vw_Alcohol_Monthly.sql
		src\Sql Scripts\vw_Alcohol_Weekly.sql = src\Sql Scripts\vw_Alcohol_Weekly.sql
		src\Sql Scripts\vw_BloodPressures_Daily.sql = src\Sql Scripts\vw_BloodPressures_Daily.sql
		src\Sql Scripts\vw_Exercises_Daily.sql = src\Sql Scripts\vw_Exercises_Daily.sql
		src\Sql Scripts\vw_Exercises_Daily_Agg.sql = src\Sql Scripts\vw_Exercises_Daily_Agg.sql
		src\Sql Scripts\vw_Exercises_Monthly.sql = src\Sql Scripts\vw_Exercises_Monthly.sql
		src\Sql Scripts\vw_Exercises_Weekly.sql = src\Sql Scripts\vw_Exercises_Weekly.sql
		src\Sql Scripts\vw_Weights_Daily.sql = src\Sql Scripts\vw_Weights_Daily.sql
	EndProjectSection
EndProject
Project("{9A19103F-16F7-4668-BE54-9A1E7A4F7556}") = "Importer.Fitbit", "src\Importer.Fitbit\Importer.Fitbit.csproj", "{46EE83AC-3DB1-437F-A00D-2265075E7BC4}"
EndProject
Project("{9A19103F-16F7-4668-BE54-9A1E7A4F7556}") = "Importer.Withings", "src\Importer.Withings\Importer.Withings.csproj", "{DE9D6BA4-C723-499D-A544-CC58C5269CBE}"
EndProject
Project("{9A19103F-16F7-4668-BE54-9A1E7A4F7556}") = "Importer.GoogleSheets", "src\Importer.GoogleSheets\Importer.GoogleSheets.csproj", "{AB5C5C27-B896-4452-B09A-8C7FF7B81EEE}"
EndProject
Project("{9A19103F-16F7-4668-BE54-9A1E7A4F7556}") = "Importer.Fitbit.Tests", "src\Importer.Fitbit.Tests\Importer.Fitbit.Tests.csproj", "{68B73DC6-C9C0-4380-B1D9-ABC5DAFEC445}"
EndProject
Project("{FAE04EC0-301F-11D3-BF4B-00C04F79EFBC}") = "Importer.Withings.Tests", "src\Importer.Withings.Tests\Importer.Withings.Tests.csproj", "{EB19123B-30B6-4184-A9EB-85F3444D943F}"
EndProject
Global
	GlobalSection(SolutionConfigurationPlatforms) = preSolution
		Debug|Any CPU = Debug|Any CPU
		Release|Any CPU = Release|Any CPU
	EndGlobalSection
	GlobalSection(ProjectConfigurationPlatforms) = postSolution
		{65E8C5F2-889C-44FA-816D-6B2380BFA10A}.Debug|Any CPU.ActiveCfg = Debug|Any CPU
		{65E8C5F2-889C-44FA-816D-6B2380BFA10A}.Debug|Any CPU.Build.0 = Debug|Any CPU
		{65E8C5F2-889C-44FA-816D-6B2380BFA10A}.Release|Any CPU.ActiveCfg = Release|Any CPU
		{65E8C5F2-889C-44FA-816D-6B2380BFA10A}.Release|Any CPU.Build.0 = Release|Any CPU
		{2F73B2AE-075C-4554-8834-A6F0DF427BB9}.Debug|Any CPU.ActiveCfg = Debug|Any CPU
		{2F73B2AE-075C-4554-8834-A6F0DF427BB9}.Debug|Any CPU.Build.0 = Debug|Any CPU
		{2F73B2AE-075C-4554-8834-A6F0DF427BB9}.Release|Any CPU.ActiveCfg = Release|Any CPU
		{2F73B2AE-075C-4554-8834-A6F0DF427BB9}.Release|Any CPU.Build.0 = Release|Any CPU
		{09FA5C12-473A-43EB-AD02-C9854CEC6B10}.Debug|Any CPU.ActiveCfg = Debug|Any CPU
		{09FA5C12-473A-43EB-AD02-C9854CEC6B10}.Debug|Any CPU.Build.0 = Debug|Any CPU
		{09FA5C12-473A-43EB-AD02-C9854CEC6B10}.Release|Any CPU.ActiveCfg = Release|Any CPU
		{09FA5C12-473A-43EB-AD02-C9854CEC6B10}.Release|Any CPU.Build.0 = Release|Any CPU
		{819B510D-FD26-44AB-918F-FC0B854A7AF3}.Debug|Any CPU.ActiveCfg = Debug|Any CPU
		{819B510D-FD26-44AB-918F-FC0B854A7AF3}.Debug|Any CPU.Build.0 = Debug|Any CPU
		{819B510D-FD26-44AB-918F-FC0B854A7AF3}.Release|Any CPU.ActiveCfg = Release|Any CPU
		{819B510D-FD26-44AB-918F-FC0B854A7AF3}.Release|Any CPU.Build.0 = Release|Any CPU
		{8251DCD0-C14D-41F4-BAAF-EA8A3D506A8E}.Debug|Any CPU.ActiveCfg = Debug|Any CPU
		{8251DCD0-C14D-41F4-BAAF-EA8A3D506A8E}.Debug|Any CPU.Build.0 = Debug|Any CPU
		{8251DCD0-C14D-41F4-BAAF-EA8A3D506A8E}.Release|Any CPU.ActiveCfg = Release|Any CPU
		{8251DCD0-C14D-41F4-BAAF-EA8A3D506A8E}.Release|Any CPU.Build.0 = Release|Any CPU
		{1E8E2BFC-C531-4807-AD1F-DC3A90655C1A}.Debug|Any CPU.ActiveCfg = Debug|Any CPU
		{1E8E2BFC-C531-4807-AD1F-DC3A90655C1A}.Debug|Any CPU.Build.0 = Debug|Any CPU
		{1E8E2BFC-C531-4807-AD1F-DC3A90655C1A}.Release|Any CPU.ActiveCfg = Release|Any CPU
		{1E8E2BFC-C531-4807-AD1F-DC3A90655C1A}.Release|Any CPU.Build.0 = Release|Any CPU
		{D2FD969E-ACA4-47C4-864D-962E7655BD5B}.Debug|Any CPU.ActiveCfg = Debug|Any CPU
		{D2FD969E-ACA4-47C4-864D-962E7655BD5B}.Debug|Any CPU.Build.0 = Debug|Any CPU
		{D2FD969E-ACA4-47C4-864D-962E7655BD5B}.Release|Any CPU.ActiveCfg = Release|Any CPU
		{D2FD969E-ACA4-47C4-864D-962E7655BD5B}.Release|Any CPU.Build.0 = Release|Any CPU
		{C8B79DDA-1D79-4C9F-A619-76F3148087D8}.Debug|Any CPU.ActiveCfg = Debug|Any CPU
		{C8B79DDA-1D79-4C9F-A619-76F3148087D8}.Debug|Any CPU.Build.0 = Debug|Any CPU
		{C8B79DDA-1D79-4C9F-A619-76F3148087D8}.Release|Any CPU.ActiveCfg = Release|Any CPU
		{C8B79DDA-1D79-4C9F-A619-76F3148087D8}.Release|Any CPU.Build.0 = Release|Any CPU
		{F09A6810-CAC0-4AD1-9380-63D92D94BEED}.Debug|Any CPU.ActiveCfg = Debug|Any CPU
		{F09A6810-CAC0-4AD1-9380-63D92D94BEED}.Debug|Any CPU.Build.0 = Debug|Any CPU
		{F09A6810-CAC0-4AD1-9380-63D92D94BEED}.Release|Any CPU.ActiveCfg = Release|Any CPU
		{F09A6810-CAC0-4AD1-9380-63D92D94BEED}.Release|Any CPU.Build.0 = Release|Any CPU
		{46EE83AC-3DB1-437F-A00D-2265075E7BC4}.Debug|Any CPU.ActiveCfg = Debug|Any CPU
		{46EE83AC-3DB1-437F-A00D-2265075E7BC4}.Debug|Any CPU.Build.0 = Debug|Any CPU
		{46EE83AC-3DB1-437F-A00D-2265075E7BC4}.Release|Any CPU.ActiveCfg = Release|Any CPU
		{46EE83AC-3DB1-437F-A00D-2265075E7BC4}.Release|Any CPU.Build.0 = Release|Any CPU
		{DE9D6BA4-C723-499D-A544-CC58C5269CBE}.Debug|Any CPU.ActiveCfg = Debug|Any CPU
		{DE9D6BA4-C723-499D-A544-CC58C5269CBE}.Debug|Any CPU.Build.0 = Debug|Any CPU
		{DE9D6BA4-C723-499D-A544-CC58C5269CBE}.Release|Any CPU.ActiveCfg = Release|Any CPU
		{DE9D6BA4-C723-499D-A544-CC58C5269CBE}.Release|Any CPU.Build.0 = Release|Any CPU
		{AB5C5C27-B896-4452-B09A-8C7FF7B81EEE}.Debug|Any CPU.ActiveCfg = Debug|Any CPU
		{AB5C5C27-B896-4452-B09A-8C7FF7B81EEE}.Debug|Any CPU.Build.0 = Debug|Any CPU
		{AB5C5C27-B896-4452-B09A-8C7FF7B81EEE}.Release|Any CPU.ActiveCfg = Release|Any CPU
		{AB5C5C27-B896-4452-B09A-8C7FF7B81EEE}.Release|Any CPU.Build.0 = Release|Any CPU
		{68B73DC6-C9C0-4380-B1D9-ABC5DAFEC445}.Debug|Any CPU.ActiveCfg = Debug|Any CPU
		{68B73DC6-C9C0-4380-B1D9-ABC5DAFEC445}.Debug|Any CPU.Build.0 = Debug|Any CPU
		{68B73DC6-C9C0-4380-B1D9-ABC5DAFEC445}.Release|Any CPU.ActiveCfg = Release|Any CPU
		{68B73DC6-C9C0-4380-B1D9-ABC5DAFEC445}.Release|Any CPU.Build.0 = Release|Any CPU
		{EB19123B-30B6-4184-A9EB-85F3444D943F}.Debug|Any CPU.ActiveCfg = Debug|Any CPU
		{EB19123B-30B6-4184-A9EB-85F3444D943F}.Debug|Any CPU.Build.0 = Debug|Any CPU
		{EB19123B-30B6-4184-A9EB-85F3444D943F}.Release|Any CPU.ActiveCfg = Release|Any CPU
		{EB19123B-30B6-4184-A9EB-85F3444D943F}.Release|Any CPU.Build.0 = Release|Any CPU
	EndGlobalSection
	GlobalSection(SolutionProperties) = preSolution
		HideSolutionNode = FALSE
	EndGlobalSection
	GlobalSection(NestedProjects) = preSolution
		{65E8C5F2-889C-44FA-816D-6B2380BFA10A} = {A2D87D95-3579-40F0-8734-DBB7D20BDC52}
		{2F73B2AE-075C-4554-8834-A6F0DF427BB9} = {A2D87D95-3579-40F0-8734-DBB7D20BDC52}
		{D2FD969E-ACA4-47C4-864D-962E7655BD5B} = {A2D87D95-3579-40F0-8734-DBB7D20BDC52}
		{C8B79DDA-1D79-4C9F-A619-76F3148087D8} = {A2D87D95-3579-40F0-8734-DBB7D20BDC52}
		{F09A6810-CAC0-4AD1-9380-63D92D94BEED} = {A2D87D95-3579-40F0-8734-DBB7D20BDC52}
		{68B73DC6-C9C0-4380-B1D9-ABC5DAFEC445} = {A2D87D95-3579-40F0-8734-DBB7D20BDC52}
		{EB19123B-30B6-4184-A9EB-85F3444D943F} = {A2D87D95-3579-40F0-8734-DBB7D20BDC52}
	EndGlobalSection
	GlobalSection(ExtensibilityGlobals) = postSolution
		SolutionGuid = {57E8B505-0062-4C35-8F3C-BBCA3B5A5337}
	EndGlobalSection
EndGlobal
