
Microsoft Visual Studio Solution File, Format Version 12.00
# Visual Studio Version 16
VisualStudioVersion = 16.0.28803.156
MinimumVisualStudioVersion = 10.0.40219.1
Project("{2150E333-8FDC-42A3-9474-1A3956D46DE8}") = "Tests", "Tests", "{A2D87D95-3579-40F0-8734-DBB7D20BDC52}"
EndProject
Project("{9A19103F-16F7-4668-BE54-9A1E7A4F7556}") = "Utils", "src\Utils\Utils.csproj", "{09FA5C12-473A-43EB-AD02-C9854CEC6B10}"
EndProject
Project("{9A19103F-16F7-4668-BE54-9A1E7A4F7556}") = "Repositories", "src\Repositories\Repositories.csproj", "{819B510D-FD26-44AB-918F-FC0B854A7AF3}"
EndProject
Project("{9A19103F-16F7-4668-BE54-9A1E7A4F7556}") = "Services", "src\Services\Services.csproj", "{8251DCD0-C14D-41F4-BAAF-EA8A3D506A8E}"
EndProject
Project("{2150E333-8FDC-42A3-9474-1A3956D46DE8}") = "Sql", "Sql", "{F6D60EF3-03B4-4CB8-8E01-EC5BCDDDBE44}"
	ProjectSection(SolutionItems) = preProject
		src\Sql Scripts\tbl_Calendar.sql = src\Sql Scripts\tbl_Calendar.sql
		src\Sql Scripts\vw_Alcohol_Daily.sql = src\Sql Scripts\vw_Alcohol_Daily.sql
		src\Sql Scripts\vw_Alcohol_Monthly.sql = src\Sql Scripts\vw_Alcohol_Monthly.sql
		src\Sql Scripts\vw_Alcohol_Weekly.sql = src\Sql Scripts\vw_Alcohol_Weekly.sql
		src\Sql Scripts\vw_BloodPressures_Daily.sql = src\Sql Scripts\vw_BloodPressures_Daily.sql
		src\Sql Scripts\vw_Exercises_Daily.sql = src\Sql Scripts\vw_Exercises_Daily.sql
		src\Sql Scripts\vw_Exercises_Daily_Agg.sql = src\Sql Scripts\vw_Exercises_Daily_Agg.sql
		src\Sql Scripts\vw_Exercises_Monthly.sql = src\Sql Scripts\vw_Exercises_Monthly.sql
		src\Sql Scripts\vw_Exercises_Weekly.sql = src\Sql Scripts\vw_Exercises_Weekly.sql
		src\Sql Scripts\vw_Weights_Daily.sql = src\Sql Scripts\vw_Weights_Daily.sql
	EndProjectSection
EndProject
Project("{9A19103F-16F7-4668-BE54-9A1E7A4F7556}") = "Importer.Fitbit", "src\Importer.Fitbit\Importer.Fitbit.csproj", "{46EE83AC-3DB1-437F-A00D-2265075E7BC4}"
EndProject
Project("{9A19103F-16F7-4668-BE54-9A1E7A4F7556}") = "Importer.Withings", "src\Importer.Withings\Importer.Withings.csproj", "{DE9D6BA4-C723-499D-A544-CC58C5269CBE}"
EndProject
Project("{9A19103F-16F7-4668-BE54-9A1E7A4F7556}") = "Importer.GoogleSheets", "src\Importer.GoogleSheets\Importer.GoogleSheets.csproj", "{AB5C5C27-B896-4452-B09A-8C7FF7B81EEE}"
EndProject
Project("{9A19103F-16F7-4668-BE54-9A1E7A4F7556}") = "Health.API", "src\Health.API\Health.API.csproj", "{6DBBC548-139F-467F-9B53-16922B0550E5}"
EndProject
Project("{9A19103F-16F7-4668-BE54-9A1E7A4F7556}") = "Health.API.Tests.Unit", "src\Health.API.Tests.Unit\Health.API.Tests.Unit.csproj", "{5FA3FABE-AA98-43BD-B801-9194CF41B74E}"
EndProject
Project("{9A19103F-16F7-4668-BE54-9A1E7A4F7556}") = "Importer.Fitbit.Tests.Unit", "src\Importer.Fitbit.Tests.Unit\Importer.Fitbit.Tests.Unit.csproj", "{3BD9E585-084B-47F8-9525-714861F9AC96}"
EndProject
Project("{9A19103F-16F7-4668-BE54-9A1E7A4F7556}") = "Importer.GoogleSheets.Tests.Unit", "src\Importer.GoogleSheets.Tests.Unit\Importer.GoogleSheets.Tests.Unit.csproj", "{20448BCE-DA4C-41BC-89ED-0D64A8C558D3}"
EndProject
Project("{9A19103F-16F7-4668-BE54-9A1E7A4F7556}") = "Importer.Withings.Tests.Unit", "src\Importer.Withings.Tests.Unit\Importer.Withings.Tests.Unit.csproj", "{AD058E8B-AFD2-4739-ABA4-A09A05B51175}"
EndProject
Project("{9A19103F-16F7-4668-BE54-9A1E7A4F7556}") = "Repository.Tests.Unit", "src\Repository.Tests.Unit\Repository.Tests.Unit.csproj", "{B2600321-7EC4-4562-A8FB-5DF412B3240B}"
EndProject
Project("{9A19103F-16F7-4668-BE54-9A1E7A4F7556}") = "Services.Tests.Unit", "src\Services.Tests.Unit\Services.Tests.Unit.csproj", "{BFAC642B-ADB2-47D5-A969-C7C6157431EE}"
EndProject
Project("{9A19103F-16F7-4668-BE54-9A1E7A4F7556}") = "Utils.Tests.Unit", "src\Utils.Tests.Unit\Utils.Tests.Unit.csproj", "{3498246D-E8C6-4CEB-9FB8-6CBA1E349828}"
EndProject
Global
	GlobalSection(SolutionConfigurationPlatforms) = preSolution
		Debug|Any CPU = Debug|Any CPU
		Release|Any CPU = Release|Any CPU
	EndGlobalSection
	GlobalSection(ProjectConfigurationPlatforms) = postSolution
		{09FA5C12-473A-43EB-AD02-C9854CEC6B10}.Debug|Any CPU.ActiveCfg = Debug|Any CPU
		{09FA5C12-473A-43EB-AD02-C9854CEC6B10}.Debug|Any CPU.Build.0 = Debug|Any CPU
		{09FA5C12-473A-43EB-AD02-C9854CEC6B10}.Release|Any CPU.ActiveCfg = Release|Any CPU
		{09FA5C12-473A-43EB-AD02-C9854CEC6B10}.Release|Any CPU.Build.0 = Release|Any CPU
		{819B510D-FD26-44AB-918F-FC0B854A7AF3}.Debug|Any CPU.ActiveCfg = Debug|Any CPU
		{819B510D-FD26-44AB-918F-FC0B854A7AF3}.Debug|Any CPU.Build.0 = Debug|Any CPU
		{819B510D-FD26-44AB-918F-FC0B854A7AF3}.Release|Any CPU.ActiveCfg = Release|Any CPU
		{819B510D-FD26-44AB-918F-FC0B854A7AF3}.Release|Any CPU.Build.0 = Release|Any CPU
		{8251DCD0-C14D-41F4-BAAF-EA8A3D506A8E}.Debug|Any CPU.ActiveCfg = Debug|Any CPU
		{8251DCD0-C14D-41F4-BAAF-EA8A3D506A8E}.Debug|Any CPU.Build.0 = Debug|Any CPU
		{8251DCD0-C14D-41F4-BAAF-EA8A3D506A8E}.Release|Any CPU.ActiveCfg = Release|Any CPU
		{8251DCD0-C14D-41F4-BAAF-EA8A3D506A8E}.Release|Any CPU.Build.0 = Release|Any CPU
		{46EE83AC-3DB1-437F-A00D-2265075E7BC4}.Debug|Any CPU.ActiveCfg = Debug|Any CPU
		{46EE83AC-3DB1-437F-A00D-2265075E7BC4}.Debug|Any CPU.Build.0 = Debug|Any CPU
		{46EE83AC-3DB1-437F-A00D-2265075E7BC4}.Release|Any CPU.ActiveCfg = Release|Any CPU
		{46EE83AC-3DB1-437F-A00D-2265075E7BC4}.Release|Any CPU.Build.0 = Release|Any CPU
		{DE9D6BA4-C723-499D-A544-CC58C5269CBE}.Debug|Any CPU.ActiveCfg = Debug|Any CPU
		{DE9D6BA4-C723-499D-A544-CC58C5269CBE}.Debug|Any CPU.Build.0 = Debug|Any CPU
		{DE9D6BA4-C723-499D-A544-CC58C5269CBE}.Release|Any CPU.ActiveCfg = Release|Any CPU
		{DE9D6BA4-C723-499D-A544-CC58C5269CBE}.Release|Any CPU.Build.0 = Release|Any CPU
		{AB5C5C27-B896-4452-B09A-8C7FF7B81EEE}.Debug|Any CPU.ActiveCfg = Debug|Any CPU
		{AB5C5C27-B896-4452-B09A-8C7FF7B81EEE}.Debug|Any CPU.Build.0 = Debug|Any CPU
		{AB5C5C27-B896-4452-B09A-8C7FF7B81EEE}.Release|Any CPU.ActiveCfg = Release|Any CPU
		{AB5C5C27-B896-4452-B09A-8C7FF7B81EEE}.Release|Any CPU.Build.0 = Release|Any CPU
		{6DBBC548-139F-467F-9B53-16922B0550E5}.Debug|Any CPU.ActiveCfg = Debug|Any CPU
		{6DBBC548-139F-467F-9B53-16922B0550E5}.Debug|Any CPU.Build.0 = Debug|Any CPU
		{6DBBC548-139F-467F-9B53-16922B0550E5}.Release|Any CPU.ActiveCfg = Release|Any CPU
		{6DBBC548-139F-467F-9B53-16922B0550E5}.Release|Any CPU.Build.0 = Release|Any CPU
		{5FA3FABE-AA98-43BD-B801-9194CF41B74E}.Debug|Any CPU.ActiveCfg = Debug|Any CPU
		{5FA3FABE-AA98-43BD-B801-9194CF41B74E}.Debug|Any CPU.Build.0 = Debug|Any CPU
		{5FA3FABE-AA98-43BD-B801-9194CF41B74E}.Release|Any CPU.ActiveCfg = Release|Any CPU
		{5FA3FABE-AA98-43BD-B801-9194CF41B74E}.Release|Any CPU.Build.0 = Release|Any CPU
		{3BD9E585-084B-47F8-9525-714861F9AC96}.Debug|Any CPU.ActiveCfg = Debug|Any CPU
		{3BD9E585-084B-47F8-9525-714861F9AC96}.Debug|Any CPU.Build.0 = Debug|Any CPU
		{3BD9E585-084B-47F8-9525-714861F9AC96}.Release|Any CPU.ActiveCfg = Release|Any CPU
		{3BD9E585-084B-47F8-9525-714861F9AC96}.Release|Any CPU.Build.0 = Release|Any CPU
		{20448BCE-DA4C-41BC-89ED-0D64A8C558D3}.Debug|Any CPU.ActiveCfg = Debug|Any CPU
		{20448BCE-DA4C-41BC-89ED-0D64A8C558D3}.Debug|Any CPU.Build.0 = Debug|Any CPU
		{20448BCE-DA4C-41BC-89ED-0D64A8C558D3}.Release|Any CPU.ActiveCfg = Release|Any CPU
		{20448BCE-DA4C-41BC-89ED-0D64A8C558D3}.Release|Any CPU.Build.0 = Release|Any CPU
		{AD058E8B-AFD2-4739-ABA4-A09A05B51175}.Debug|Any CPU.ActiveCfg = Debug|Any CPU
		{AD058E8B-AFD2-4739-ABA4-A09A05B51175}.Debug|Any CPU.Build.0 = Debug|Any CPU
		{AD058E8B-AFD2-4739-ABA4-A09A05B51175}.Release|Any CPU.ActiveCfg = Release|Any CPU
		{AD058E8B-AFD2-4739-ABA4-A09A05B51175}.Release|Any CPU.Build.0 = Release|Any CPU
		{B2600321-7EC4-4562-A8FB-5DF412B3240B}.Debug|Any CPU.ActiveCfg = Debug|Any CPU
		{B2600321-7EC4-4562-A8FB-5DF412B3240B}.Debug|Any CPU.Build.0 = Debug|Any CPU
		{B2600321-7EC4-4562-A8FB-5DF412B3240B}.Release|Any CPU.ActiveCfg = Release|Any CPU
		{B2600321-7EC4-4562-A8FB-5DF412B3240B}.Release|Any CPU.Build.0 = Release|Any CPU
		{BFAC642B-ADB2-47D5-A969-C7C6157431EE}.Debug|Any CPU.ActiveCfg = Debug|Any CPU
		{BFAC642B-ADB2-47D5-A969-C7C6157431EE}.Debug|Any CPU.Build.0 = Debug|Any CPU
		{BFAC642B-ADB2-47D5-A969-C7C6157431EE}.Release|Any CPU.ActiveCfg = Release|Any CPU
		{BFAC642B-ADB2-47D5-A969-C7C6157431EE}.Release|Any CPU.Build.0 = Release|Any CPU
		{3498246D-E8C6-4CEB-9FB8-6CBA1E349828}.Debug|Any CPU.ActiveCfg = Debug|Any CPU
		{3498246D-E8C6-4CEB-9FB8-6CBA1E349828}.Debug|Any CPU.Build.0 = Debug|Any CPU
		{3498246D-E8C6-4CEB-9FB8-6CBA1E349828}.Release|Any CPU.ActiveCfg = Release|Any CPU
		{3498246D-E8C6-4CEB-9FB8-6CBA1E349828}.Release|Any CPU.Build.0 = Release|Any CPU
	EndGlobalSection
	GlobalSection(SolutionProperties) = preSolution
		HideSolutionNode = FALSE
	EndGlobalSection
	GlobalSection(NestedProjects) = preSolution
		{5FA3FABE-AA98-43BD-B801-9194CF41B74E} = {A2D87D95-3579-40F0-8734-DBB7D20BDC52}
		{3BD9E585-084B-47F8-9525-714861F9AC96} = {A2D87D95-3579-40F0-8734-DBB7D20BDC52}
		{20448BCE-DA4C-41BC-89ED-0D64A8C558D3} = {A2D87D95-3579-40F0-8734-DBB7D20BDC52}
		{AD058E8B-AFD2-4739-ABA4-A09A05B51175} = {A2D87D95-3579-40F0-8734-DBB7D20BDC52}
		{B2600321-7EC4-4562-A8FB-5DF412B3240B} = {A2D87D95-3579-40F0-8734-DBB7D20BDC52}
		{BFAC642B-ADB2-47D5-A969-C7C6157431EE} = {A2D87D95-3579-40F0-8734-DBB7D20BDC52}
		{3498246D-E8C6-4CEB-9FB8-6CBA1E349828} = {A2D87D95-3579-40F0-8734-DBB7D20BDC52}
	EndGlobalSection
	GlobalSection(ExtensibilityGlobals) = postSolution
		SolutionGuid = {57E8B505-0062-4C35-8F3C-BBCA3B5A5337}
	EndGlobalSection
EndGlobal
